<?xml version="1.0" encoding="utf-8"?>
<Project ToolsVersion="4.0" xmlns="http://schemas.microsoft.com/developer/msbuild/2003">
  <ItemGroup>
    <Filter Include="Source Files">
      <UniqueIdentifier>{4FC737F1-C7A5-4376-A066-2A32D752A2FF}</UniqueIdentifier>
      <Extensions>cpp;c;cc;cxx;c++;cppm;ixx;def;odl;idl;hpj;bat;asm;asmx</Extensions>
    </Filter>
    <Filter Include="Header Files">
      <UniqueIdentifier>{93995380-89BD-4b04-88EB-625FBE52EBFB}</UniqueIdentifier>
      <Extensions>h;hh;hpp;hxx;h++;hm;inl;inc;ipp;xsd</Extensions>
    </Filter>
    <Filter Include="Resource Files">
      <UniqueIdentifier>{67DA6AB6-F800-4c08-8B7A-83BB121AAD01}</UniqueIdentifier>
      <Extensions>rc;ico;cur;bmp;dlg;rc2;rct;bin;rgs;gif;jpg;jpeg;jpe;resx;tiff;tif;png;wav;mfcribbon-ms</Extensions>
    </Filter>
  </ItemGroup>
  <ItemGroup>
    <ClCompile Include="cpp\main.cpp">
      <Filter>Source Files</Filter>
    </ClCompile>
    <ClCompile Include="cpp\Recipe.cpp">
      <Filter>Source Files</Filter>
    </ClCompile>
    <ClCompile Include="cpp\Storage.cpp">
      <Filter>Source Files</Filter>
    </ClCompile>
    <ClCompile Include="cpp\User.cpp">
      <Filter>Source Files</Filter>
    </ClCompile>
    <ClCompile Include="cpp\App.cpp">
      <Filter>Source Files</Filter>
    </ClCompile>
    <ClCompile Include="cpp\Auth.cpp">
      <Filter>Source Files</Filter>
    </ClCompile>
    <ClCompile Include="cpp\IDGenerator.cpp">
      <Filter>Source Files</Filter>
    </ClCompile>
    <ClCompile Include="cpp\IngredientManager.cpp">
      <Filter>Source Files</Filter>
    </ClCompile>
  </ItemGroup>
  <ItemGroup>
    <ClInclude Include="h\App.h">
      <Filter>Header Files</Filter>
    </ClInclude>
    <ClInclude Include="h\Auth.h">
      <Filter>Header Files</Filter>
    </ClInclude>
    <ClInclude Include="h\IDGenerator.h">
      <Filter>Header Files</Filter>
    </ClInclude>
    <ClInclude Include="h\IngredientManager.h">
      <Filter>Header Files</Filter>
    </ClInclude>
    <ClInclude Include="h\IngredientStruct.h">
      <Filter>Header Files</Filter>
    </ClInclude>
    <ClInclude Include="h\Recipe.h">
      <Filter>Header Files</Filter>
    </ClInclude>
    <ClInclude Include="h\RecipeStruct.h">
      <Filter>Header Files</Filter>
    </ClInclude>
    <ClInclude Include="h\RelationsStruct.h">
      <Filter>Header Files</Filter>
    </ClInclude>
    <ClInclude Include="h\Storage.h">
      <Filter>Header Files</Filter>
    </ClInclude>
    <ClInclude Include="h\User.h">
      <Filter>Header Files</Filter>
    </ClInclude>
  </ItemGroup>
</Project>